// !$*UTF8*$!
{
	archiveVersion = 1;
	classes = {
	};
	objectVersion = 46;
	objects = {

/* Begin PBXBuildFile section */
		3221F8A71B84FC0300C0E403 /* AppDelegate.swift in Sources */ = {isa = PBXBuildFile; fileRef = 3221F8A61B84FC0300C0E403 /* AppDelegate.swift */; };
		3221F8A91B84FC0300C0E403 /* ViewController.swift in Sources */ = {isa = PBXBuildFile; fileRef = 3221F8A81B84FC0300C0E403 /* ViewController.swift */; };
		3221F8AC1B84FC0300C0E403 /* Main.storyboard in Resources */ = {isa = PBXBuildFile; fileRef = 3221F8AA1B84FC0300C0E403 /* Main.storyboard */; };
		3221F8AE1B84FC0300C0E403 /* Assets.xcassets in Resources */ = {isa = PBXBuildFile; fileRef = 3221F8AD1B84FC0300C0E403 /* Assets.xcassets */; };
		3221F8B11B84FC0300C0E403 /* LaunchScreen.storyboard in Resources */ = {isa = PBXBuildFile; fileRef = 3221F8AF1B84FC0300C0E403 /* LaunchScreen.storyboard */; };
		3221F8B91B84FC1300C0E403 /* back.mp3 in Resources */ = {isa = PBXBuildFile; fileRef = 3221F8B81B84FC1300C0E403 /* back.mp3 */; };
		3221F8BD1B84FEAD00C0E403 /* bach.jpg in Resources */ = {isa = PBXBuildFile; fileRef = 3221F8BC1B84FEAD00C0E403 /* bach.jpg */; };
/* End PBXBuildFile section */

/* Begin PBXFileReference section */
		3221F8A31B84FC0300C0E403 /* Back to Bach Music.app */ = {isa = PBXFileReference; explicitFileType = wrapper.application; includeInIndex = 0; path = "Back to Bach Music.app"; sourceTree = BUILT_PRODUCTS_DIR; };
		3221F8A61B84FC0300C0E403 /* AppDelegate.swift */ = {isa = PBXFileReference; lastKnownFileType = sourcecode.swift; path = AppDelegate.swift; sourceTree = "<group>"; };
		3221F8A81B84FC0300C0E403 /* ViewController.swift */ = {isa = PBXFileReference; lastKnownFileType = sourcecode.swift; path = ViewController.swift; sourceTree = "<group>"; };
		3221F8AB1B84FC0300C0E403 /* Base */ = {isa = PBXFileReference; lastKnownFileType = file.storyboard; name = Base; path = Base.lproj/Main.storyboard; sourceTree = "<group>"; };
		3221F8AD1B84FC0300C0E403 /* Assets.xcassets */ = {isa = PBXFileReference; lastKnownFileType = folder.assetcatalog; path = Assets.xcassets; sourceTree = "<group>"; };
		3221F8B01B84FC0300C0E403 /* Base */ = {isa = PBXFileReference; lastKnownFileType = file.storyboard; name = Base; path = Base.lproj/LaunchScreen.storyboard; sourceTree = "<group>"; };
		3221F8B21B84FC0300C0E403 /* Info.plist */ = {isa = PBXFileReference; lastKnownFileType = text.plist.xml; path = Info.plist; sourceTree = "<group>"; };
		3221F8B81B84FC1300C0E403 /* back.mp3 */ = {isa = PBXFileReference; lastKnownFileType = audio.mp3; name = back.mp3; path = ../../back.mp3; sourceTree = "<group>"; };
		3221F8BC1B84FEAD00C0E403 /* bach.jpg */ = {isa = PBXFileReference; lastKnownFileType = image.jpeg; name = bach.jpg; path = ../../bach.jpg; sourceTree = "<group>"; };
/* End PBXFileReference section */

/* Begin PBXFrameworksBuildPhase section */
		3221F8A01B84FC0300C0E403 /* Frameworks */ = {
			isa = PBXFrameworksBuildPhase;
			buildActionMask = 2147483647;
			files = (
			);
			runOnlyForDeploymentPostprocessing = 0;
		};
/* End PBXFrameworksBuildPhase section */

/* Begin PBXGroup section */
		3221F89A1B84FC0300C0E403 = {
			isa = PBXGroup;
			children = (
				3221F8A51B84FC0300C0E403 /* Back to Bach Music */,
				3221F8A41B84FC0300C0E403 /* Products */,
			);
			sourceTree = "<group>";
		};
		3221F8A41B84FC0300C0E403 /* Products */ = {
			isa = PBXGroup;
			children = (
				3221F8A31B84FC0300C0E403 /* Back to Bach Music.app */,
			);
			name = Products;
			sourceTree = "<group>";
		};
		3221F8A51B84FC0300C0E403 /* Back to Bach Music */ = {
			isa = PBXGroup;
			children = (
				3221F8A61B84FC0300C0E403 /* AppDelegate.swift */,
				3221F8A81B84FC0300C0E403 /* ViewController.swift */,
				3221F8B81B84FC1300C0E403 /* back.mp3 */,
				3221F8BC1B84FEAD00C0E403 /* bach.jpg */,
				3221F8AA1B84FC0300C0E403 /* Main.storyboard */,
				3221F8AD1B84FC0300C0E403 /* Assets.xcassets */,
				3221F8AF1B84FC0300C0E403 /* LaunchScreen.storyboard */,
				3221F8B21B84FC0300C0E403 /* Info.plist */,
			);
			path = "Back to Bach Music";
			sourceTree = "<group>";
		};
/* End PBXGroup section */

/* Begin PBXNativeTarget section */
		3221F8A21B84FC0300C0E403 /* Back to Bach Music */ = {
			isa = PBXNativeTarget;
			buildConfigurationList = 3221F8B51B84FC0300C0E403 /* Build configuration list for PBXNativeTarget "Back to Bach Music" */;
			buildPhases = (
				3221F89F1B84FC0300C0E403 /* Sources */,
				3221F8A01B84FC0300C0E403 /* Frameworks */,
				3221F8A11B84FC0300C0E403 /* Resources */,
			);
			buildRules = (
			);
			dependencies = (
			);
			name = "Back to Bach Music";
			productName = "Back to Bach Music";
			productReference = 3221F8A31B84FC0300C0E403 /* Back to Bach Music.app */;
			productType = "com.apple.product-type.application";
		};
/* End PBXNativeTarget section */

/* Begin PBXProject section */
		3221F89B1B84FC0300C0E403 /* Project object */ = {
			isa = PBXProject;
			attributes = {
				LastUpgradeCheck = 0700;
				ORGANIZATIONNAME = TangWeichang;
				TargetAttributes = {
					3221F8A21B84FC0300C0E403 = {
						CreatedOnToolsVersion = 7.0;
					};
				};
			};
			buildConfigurationList = 3221F89E1B84FC0300C0E403 /* Build configuration list for PBXProject "Back to Bach Music" */;
			compatibilityVersion = "Xcode 3.2";
			developmentRegion = English;
			hasScannedForEncodings = 0;
			knownRegions = (
				en,
				Base,
			);
			mainGroup = 3221F89A1B84FC0300C0E403;
			productRefGroup = 3221F8A41B84FC0300C0E403 /* Products */;
			projectDirPath = "";
			projectRoot = "";
			targets = (
				3221F8A21B84FC0300C0E403 /* Back to Bach Music */,
			);
		};
/* End PBXProject section */

/* Begin PBXResourcesBuildPhase section */
		3221F8A11B84FC0300C0E403 /* Resources */ = {
			isa = PBXResourcesBuildPhase;
			buildActionMask = 2147483647;
			files = (
				3221F8B11B84FC0300C0E403 /* LaunchScreen.storyboard in Resources */,
				3221F8BD1B84FEAD00C0E403 /* bach.jpg in Resources */,
				3221F8AE1B84FC0300C0E403 /* Assets.xcassets in Resources */,
				3221F8AC1B84FC0300C0E403 /* Main.storyboard in Resources */,
				3221F8B91B84FC1300C0E403 /* back.mp3 in Resources */,
			);
			runOnlyForDeploymentPostprocessing = 0;
		};
/* End PBXResourcesBuildPhase section */

/* Begin PBXSourcesBuildPhase section */
		3221F89F1B84FC0300C0E403 /* Sources */ = {
			isa = PBXSourcesBuildPhase;
			buildActionMask = 2147483647;
			files = (
				3221F8A91B84FC0300C0E403 /* ViewController.swift in Sources */,
				3221F8A71B84FC0300C0E403 /* AppDelegate.swift in Sources */,
			);
			runOnlyForDeploymentPostprocessing = 0;
		};
/* End PBXSourcesBuildPhase section */

/* Begin PBXVariantGroup section */
		3221F8AA1B84FC0300C0E403 /* Main.storyboard */ = {
			isa = PBXVariantGroup;
			children = (
				3221F8AB1B84FC0300C0E403 /* Base */,
			);
			name = Main.storyboard;
			sourceTree = "<group>";
		};
		3221F8AF1B84FC0300C0E403 /* LaunchScreen.storyboard */ = {
			isa = PBXVariantGroup;
			children = (
				3221F8B01B84FC0300C0E403 /* Base */,
			);
			name = LaunchScreen.storyboard;
			sourceTree = "<group>";
		};
/* End PBXVariantGroup section */

/* Begin XCBuildConfiguration section */
		3221F8B31B84FC0300C0E403 /* Debug */ = {
			isa = XCBuildConfiguration;
			buildSettings = {
				ALWAYS_SEARCH_USER_PATHS = NO;
				CLANG_CXX_LANGUAGE_STANDARD = "gnu++0x";
				CLANG_CXX_LIBRARY = "libc++";
				CLANG_ENABLE_MODULES = YES;
				CLANG_ENABLE_OBJC_ARC = YES;
				CLANG_WARN_BOOL_CONVERSION = YES;
				CLANG_WARN_CONSTANT_CONVERSION = YES;
				CLANG_WARN_DIRECT_OBJC_ISA_USAGE = YES_ERROR;
				CLANG_WARN_EMPTY_BODY = YES;
				CLANG_WARN_ENUM_CONVERSION = YES;
				CLANG_WARN_INT_CONVERSION = YES;
				CLANG_WARN_OBJC_ROOT_CLASS = YES_ERROR;
				CLANG_WARN_UNREACHABLE_CODE = YES;
				CLANG_WARN__DUPLICATE_METHOD_MATCH = YES;
				"CODE_SIGN_IDENTITY[sdk=iphoneos*]" = "iPhone Developer";
				COPY_PHASE_STRIP = NO;
				DEBUG_INFORMATION_FORMAT = dwarf;
				ENABLE_STRICT_OBJC_MSGSEND = YES;
				ENABLE_TESTABILITY = YES;
				GCC_C_LANGUAGE_STANDARD = gnu99;
				GCC_DYNAMIC_NO_PIC = NO;
				GCC_NO_COMMON_BLOCKS = YES;
				GCC_OPTIMIZATION_LEVEL = 0;
				GCC_PREPROCESSOR_DEFINITIONS = (
					"DEBUG=1",
					"$(inherited)",
				);
				GCC_WARN_64_TO_32_BIT_CONVERSION = YES;
				GCC_WARN_ABOUT_RETURN_TYPE = YES_ERROR;
				GCC_WARN_UNDECLARED_SELECTOR = YES;
				GCC_WARN_UNINITIALIZED_AUTOS = YES_AGGRESSIVE;
				GCC_WARN_UNUSED_FUNCTION = YES;
				GCC_WARN_UNUSED_VARIABLE = YES;
				IPHONEOS_DEPLOYMENT_TARGET = 9.0;
				MTL_ENABLE_DEBUG_INFO = YES;
				ONLY_ACTIVE_ARCH = YES;
				SDKROOT = iphoneos;
				SWIFT_OPTIMIZATION_LEVEL = "-Onone";
			};
			name = Debug;
		};
		3221F8B41B84FC0300C0E403 /* Release */ = {
			isa = XCBuildConfiguration;
			buildSettings = {
				ALWAYS_SEARCH_USER_PATHS = NO;
				CLANG_CXX_LANGUAGE_STANDARD = "gnu++0x";
				CLANG_CXX_LIBRARY = "libc++";
				CLANG_ENABLE_MODULES = YES;
				CLANG_ENABLE_OBJC_ARC = YES;
				CLANG_WARN_BOOL_CONVERSION = YES;
				CLANG_WARN_CONSTANT_CONVERSION = YES;
				CLANG_WARN_DIRECT_OBJC_ISA_USAGE = YES_ERROR;
				CLANG_WARN_EMPTY_BODY = YES;
				CLANG_WARN_ENUM_CONVERSION = YES;
				CLANG_WARN_INT_CONVERSION = YES;
				CLANG_WARN_OBJC_ROOT_CLASS = YES_ERROR;
				CLANG_WARN_UNREACHABLE_CODE = YES;
				CLANG_WARN__DUPLICATE_METHOD_MATCH = YES;
				"CODE_SIGN_IDENTITY[sdk=iphoneos*]" = "iPhone Developer";
				COPY_PHASE_STRIP = NO;
				DEBUG_INFORMATION_FORMAT = "dwarf-with-dsym";
				ENABLE_NS_ASSERTIONS = NO;
				ENABLE_STRICT_OBJC_MSGSEND = YES;
				GCC_C_LANGUAGE_STANDARD = gnu99;
				GCC_NO_COMMON_BLOCKS = YES;
				GCC_WARN_64_TO_32_BIT_CONVERSION = YES;
				GCC_WARN_ABOUT_RETURN_TYPE = YES_ERROR;
				GCC_WARN_UNDECLARED_SELECTOR = YES;
				GCC_WARN_UNINITIALIZED_AUTOS = YES_AGGRESSIVE;
				GCC_WARN_UNUSED_FUNCTION = YES;
				GCC_WARN_UNUSED_VARIABLE = YES;
				IPHONEOS_DEPLOYMENT_TARGET = 9.0;
				MTL_ENABLE_DEBUG_INFO = NO;
				SDKROOT = iphoneos;
				VALIDATE_PRODUCT = YES;
			};
			name = Release;
		};
		3221F8B61B84FC0300C0E403 /* Debug */ = {
			isa = XCBuildConfiguration;
			buildSettings = {
				ASSETCATALOG_COMPILER_APPICON_NAME = AppIcon;
				INFOPLIST_FILE = "Back to Bach Music/Info.plist";
				LD_RUNPATH_SEARCH_PATHS = "$(inherited) @executable_path/Frameworks";
				PRODUCT_BUNDLE_IDENTIFIER = "weichang.apptry.Back-to-Bach-Music";
				PRODUCT_NAME = "$(TARGET_NAME)";
			};
			name = Debug;
		};
		3221F8B71B84FC0300C0E403 /* Release */ = {
			isa = XCBuildConfiguration;
			buildSettings = {
				ASSETCATALOG_COMPILER_APPICON_NAME = AppIcon;
				INFOPLIST_FILE = "Back to Bach Music/Info.plist";
				LD_RUNPATH_SEARCH_PATHS = "$(inherited) @executable_path/Frameworks";
				PRODUCT_BUNDLE_IDENTIFIER = "weichang.apptry.Back-to-Bach-Music";
				PRODUCT_NAME = "$(TARGET_NAME)";
			};
			name = Release;
		};
/* End XCBuildConfiguration section */

/* Begin XCConfigurationList section */
		3221F89E1B84FC0300C0E403 /* Build configuration list for PBXProject "Back to Bach Music" */ = {
			isa = XCConfigurationList;
			buildConfigurations = (
				3221F8B31B84FC0300C0E403 /* Debug */,
				3221F8B41B84FC0300C0E403 /* Release */,
			);
			defaultConfigurationIsVisible = 0;
			defaultConfigurationName = Release;
		};
		3221F8B51B84FC0300C0E403 /* Build configuration list for PBXNativeTarget "Back to Bach Music" */ = {
			isa = XCConfigurationList;
			buildConfigurations = (
				3221F8B61B84FC0300C0E403 /* Debug */,
				3221F8B71B84FC0300C0E403 /* Release */,
			);
			defaultConfigurationIsVisible = 0;
		};
/* End XCConfigurationList section */
	};
	rootObject = 3221F89B1B84FC0300C0E403 /* Project object */;
}
